{
  "name": "spell-chec",
  "version": "1.0.0",
  "lockfileVersion": 2,
  "requires": true,
  "packages": {
    "": {
      "version": "1.0.0",
      "license": "ISC",
      "dependencies": {
        "dictionary-en-gb": "^2.3.0",
        "readline": "^1.3.0",
        "retext": "^8.0.0",
        "retext-spell": "^5.0.0",
        "vfile-reporter": "^7.0.2"
      }
    },
    "node_modules/@types/supports-color": {
      "version": "8.1.1",
      "resolved": "https://registry.npmjs.org/@types/supports-color/-/supports-color-8.1.1.tgz",
      "integrity": "sha512-dPWnWsf+kzIG140B8z2w3fr5D03TLWbOAFQl45xUpI3vcizeXriNR5VYkWZ+WTMsUHqZ9Xlt3hrxGNANFyNQfw=="
    },
    "node_modules/@types/unist": {
      "version": "2.0.6",
      "resolved": "https://registry.npmjs.org/@types/unist/-/unist-2.0.6.tgz",
      "integrity": "sha512-PBjIUxZHOuj0R15/xuwJYjFi+KZdNFrehocChv4g5hu6aFroHue8m0lBP0POdK2nKzbw0cgV1mws8+V/JAcEkQ=="
    },
    "node_modules/ansi-regex": {
      "version": "6.0.0",
      "resolved": "https://registry.npmjs.org/ansi-regex/-/ansi-regex-6.0.0.tgz",
      "integrity": "sha512-tAaOSrWCHF+1Ear1Z4wnJCXA9GGox4K6Ic85a5qalES2aeEwQGr7UC93mwef49536PkCYjzkp0zIxfFvexJ6zQ==",
      "engines": {
        "node": ">=12"
      },
      "funding": {
        "url": "https://github.com/chalk/ansi-regex?sponsor=1"
      }
    },
    "node_modules/array-iterate": {
      "version": "1.1.4",
      "resolved": "https://registry.npmjs.org/array-iterate/-/array-iterate-1.1.4.tgz",
      "integrity": "sha512-sNRaPGh9nnmdC8Zf+pT3UqP8rnWj5Hf9wiFGsX3wUQ2yVSIhO2ShFwCoceIPpB41QF6i2OEmrHmCo36xronCVA==",
      "funding": {
        "type": "github",
        "url": "https://github.com/sponsors/wooorm"
      }
    },
    "node_modules/bail": {
      "version": "2.0.1",
      "resolved": "https://registry.npmjs.org/bail/-/bail-2.0.1.tgz",
      "integrity": "sha512-d5FoTAr2S5DSUPKl85WNm2yUwsINN8eidIdIwsOge2t33DaOfOdSmmsI11jMN3GmALCXaw+Y6HMVHDzePshFAA==",
      "funding": {
        "type": "github",
        "url": "https://github.com/sponsors/wooorm"
      }
    },
    "node_modules/dictionary-en-gb": {
      "version": "2.3.0",
      "resolved": "https://registry.npmjs.org/dictionary-en-gb/-/dictionary-en-gb-2.3.0.tgz",
      "integrity": "sha512-P/J2VQp/hDsMTfJhmIYPUBxZqezWuDaUzSgb6oW7JLpUV2So9jCXbR5TaUYXwfO50ZXPYEzQqQHPQK3pKcs7Rg==",
      "funding": {
        "type": "github",
        "url": "https://github.com/sponsors/wooorm"
      }
    },
    "node_modules/emoji-regex": {
      "version": "9.2.2",
      "resolved": "https://registry.npmjs.org/emoji-regex/-/emoji-regex-9.2.2.tgz",
      "integrity": "sha512-L18DaJsXSUk2+42pv8mLs5jJT2hqFkFE4j21wOmgbUqsZ2hL72NsUU785g9RXgo3s0ZNgVl42TiHp3ZtOv/Vyg=="
    },
    "node_modules/extend": {
      "version": "3.0.2",
      "resolved": "https://registry.npmjs.org/extend/-/extend-3.0.2.tgz",
      "integrity": "sha512-fjquC59cD7CyW6urNXK0FBufkZcoiGG80wTuPujX590cB5Ttln20E2UB4S/WARVqhXffZl2LNgS+gQdPIIim/g=="
    },
    "node_modules/has-flag": {
      "version": "5.0.1",
      "resolved": "https://registry.npmjs.org/has-flag/-/has-flag-5.0.1.tgz",
      "integrity": "sha512-CsNUt5x9LUdx6hnk/E2SZLsDyvfqANZSUq4+D3D8RzDJ2M+HDTIkF60ibS1vHaK55vzgiZw1bEPFG9yH7l33wA==",
      "engines": {
        "node": ">=12"
      },
      "funding": {
        "url": "https://github.com/sponsors/sindresorhus"
      }
    },
    "node_modules/is-buffer": {
      "version": "2.0.5",
      "resolved": "https://registry.npmjs.org/is-buffer/-/is-buffer-2.0.5.tgz",
      "integrity": "sha512-i2R6zNFDwgEHJyQUtJEk0XFi1i0dPFn/oqjK3/vPCcDeJvW5NQ83V8QbicfF1SupOaB0h8ntgBC2YiE7dfyctQ==",
      "funding": [
        {
          "type": "github",
          "url": "https://github.com/sponsors/feross"
        },
        {
          "type": "patreon",
          "url": "https://www.patreon.com/feross"
        },
        {
          "type": "consulting",
          "url": "https://feross.org/support"
        }
      ],
      "engines": {
        "node": ">=4"
      }
    },
    "node_modules/is-fullwidth-code-point": {
      "version": "4.0.0",
      "resolved": "https://registry.npmjs.org/is-fullwidth-code-point/-/is-fullwidth-code-point-4.0.0.tgz",
      "integrity": "sha512-O4L094N2/dZ7xqVdrXhh9r1KODPJpFms8B5sGdJLPy664AgvXsreZUyCQQNItZRDlYug4xStLjNp/sz3HvBowQ==",
      "engines": {
        "node": ">=12"
      },
      "funding": {
        "url": "https://github.com/sponsors/sindresorhus"
      }
    },
    "node_modules/is-plain-obj": {
      "version": "4.0.0",
      "resolved": "https://registry.npmjs.org/is-plain-obj/-/is-plain-obj-4.0.0.tgz",
      "integrity": "sha512-NXRbBtUdBioI73y/HmOhogw/U5msYPC9DAtGkJXeFcFWSFZw0mCUsPxk/snTuJHzNKA8kLBK4rH97RMB1BfCXw==",
      "engines": {
        "node": ">=12"
      },
      "funding": {
        "url": "https://github.com/sponsors/sindresorhus"
      }
    },
    "node_modules/nlcst-is-literal": {
      "version": "2.0.0",
      "resolved": "https://registry.npmjs.org/nlcst-is-literal/-/nlcst-is-literal-2.0.0.tgz",
      "integrity": "sha512-VYONEPY4vaH80dHvzHv4GZpvwaz3HhhUaqv5x+/LFGt0w/JKHOhZECFBJ65ur4dQtVtDygypv9XGhMNQDOe37g==",
      "dependencies": {
        "@types/unist": "^2.0.0",
        "nlcst-to-string": "^3.0.0"
      },
      "funding": {
        "type": "opencollective",
        "url": "https://opencollective.com/unified"
      }
    },
    "node_modules/nlcst-to-string": {
      "version": "3.0.1",
      "resolved": "https://registry.npmjs.org/nlcst-to-string/-/nlcst-to-string-3.0.1.tgz",
      "integrity": "sha512-7b3GfJOnfRU8sN5W9QYwfQiw/4RY5cxH2h7qLfGqqLW+e3jmmgjmJlDjxsBjdp98p1Ai8ln0KhQ85QJyjXfJag==",
      "dependencies": {
        "@types/unist": "^2.0.0"
      },
      "funding": {
        "type": "opencollective",
        "url": "https://opencollective.com/unified"
      }
    },
    "node_modules/nspell": {
      "version": "2.1.5",
      "resolved": "https://registry.npmjs.org/nspell/-/nspell-2.1.5.tgz",
      "integrity": "sha512-PSStyugKMiD9mHmqI/CR5xXrSIGejUXPlo88FBRq5Og1kO5QwQ5Ilu8D8O5I/SHpoS+mibpw6uKA8rd3vXd2Sg==",
      "dependencies": {
        "is-buffer": "^2.0.0"
      }
    },
    "node_modules/parse-latin": {
      "version": "5.0.0",
      "resolved": "https://registry.npmjs.org/parse-latin/-/parse-latin-5.0.0.tgz",
      "integrity": "sha512-Ht+4/+AUySMS5HKGAiQpBmkFsHSoGrj6Y83flLCa5OIBdtsVkO3UD4OtboJ0O0vZiOznH02x8qlwg9KLUVXuNg==",
      "dependencies": {
        "nlcst-to-string": "^2.0.0",
        "unist-util-modify-children": "^2.0.0",
        "unist-util-visit-children": "^1.0.0"
      },
      "funding": {
        "type": "github",
        "url": "https://github.com/sponsors/wooorm"
      }
    },
    "node_modules/parse-latin/node_modules/nlcst-to-string": {
      "version": "2.0.4",
      "resolved": "https://registry.npmjs.org/nlcst-to-string/-/nlcst-to-string-2.0.4.tgz",
      "integrity": "sha512-3x3jwTd6UPG7vi5k4GEzvxJ5rDA7hVUIRNHPblKuMVP9Z3xmlsd9cgLcpAMkc5uPOBna82EeshROFhsPkbnTZg==",
      "funding": {
        "type": "opencollective",
        "url": "https://opencollective.com/unified"
      }
    },
    "node_modules/quotation": {
      "version": "2.0.1",
      "resolved": "https://registry.npmjs.org/quotation/-/quotation-2.0.1.tgz",
      "integrity": "sha512-a+Z+GmpL5W1rJqmltBJmQhIvlnEuXvNUsPJYHXV6TmfDYZZga268utV1/0fr09ICz3dqlJmd+Etdlqxo9iuASQ==",
      "funding": {
        "type": "github",
        "url": "https://github.com/sponsors/wooorm"
      }
    },
    "node_modules/readline": {
      "version": "1.3.0",
      "resolved": "https://registry.npmjs.org/readline/-/readline-1.3.0.tgz",
      "integrity": "sha1-xYDXfvLPyHUrEySYBg3JeTp6wBw="
    },
    "node_modules/retext": {
      "version": "8.0.0",
      "resolved": "https://registry.npmjs.org/retext/-/retext-8.0.0.tgz",
      "integrity": "sha512-jmaNtmEtmuDC3KJxr1+/ubGuwv26SpeLnnfhyLBPu074HGKJ3UmDhLb22sWW+EYWCozrDAJ2D9dDZ6dEyrqIZA==",
      "dependencies": {
        "retext-latin": "^3.0.0",
        "retext-stringify": "^3.0.0",
        "unified": "^10.0.0"
      },
      "funding": {
        "type": "opencollective",
        "url": "https://opencollective.com/unified"
      }
    },
    "node_modules/retext-latin": {
      "version": "3.0.0",
      "resolved": "https://registry.npmjs.org/retext-latin/-/retext-latin-3.0.0.tgz",
      "integrity": "sha512-KGv4ZyDqWy/LMthDoks7FAoiuHn/3uRAZSfJRFrb9BvgAOlL1GF/JtAc0jc7ATABIEs6kamsd/vt0tjGK5ld3w==",
      "dependencies": {
        "parse-latin": "^5.0.0",
        "unherit": "^3.0.0",
        "unified": "^10.0.0"
      },
      "funding": {
        "type": "opencollective",
        "url": "https://opencollective.com/unified"
      }
    },
    "node_modules/retext-spell": {
      "version": "5.0.0",
      "resolved": "https://registry.npmjs.org/retext-spell/-/retext-spell-5.0.0.tgz",
      "integrity": "sha512-3bG+HbPdGn3W6pOrGrTK/L2LKdxwfXbvApVe6382SiW8sQSTa17P6F7EeSp90xH2UwwZq2tn/OJC/MRNODDmwA==",
      "dependencies": {
        "nlcst-is-literal": "^2.0.0",
        "nlcst-to-string": "^3.0.0",
        "nspell": "^2.0.0",
        "quotation": "^2.0.0",
        "unified": "^10.0.0",
        "unist-util-visit": "^3.0.0"
      },
      "funding": {
        "type": "opencollective",
        "url": "https://opencollective.com/unified"
      }
    },
    "node_modules/retext-stringify": {
      "version": "3.0.0",
      "resolved": "https://registry.npmjs.org/retext-stringify/-/retext-stringify-3.0.0.tgz",
      "integrity": "sha512-arEkCFZfQcTU0A3mdxa6gLVAB3HVeF7/198mXnSEdC1FH0cbnMLJF9QHZ3+9NctmWn4NLNckrjIWouj3iGP82g==",
      "dependencies": {
        "@types/unist": "^2.0.0",
        "nlcst-to-string": "^3.0.0",
        "unified": "^10.0.0"
      },
      "funding": {
        "type": "opencollective",
        "url": "https://opencollective.com/unified"
      }
    },
    "node_modules/string-width": {
      "version": "5.0.0",
      "resolved": "https://registry.npmjs.org/string-width/-/string-width-5.0.0.tgz",
      "integrity": "sha512-zwXcRmLUdiWhMPrHz6EXITuyTgcEnUqDzspTkCLhQovxywWz6NP9VHgqfVg20V/1mUg0B95AKbXxNT+ALRmqCw==",
      "dependencies": {
        "emoji-regex": "^9.2.2",
        "is-fullwidth-code-point": "^4.0.0",
        "strip-ansi": "^7.0.0"
      },
      "engines": {
        "node": ">=12"
      },
      "funding": {
        "url": "https://github.com/sponsors/sindresorhus"
      }
    },
    "node_modules/strip-ansi": {
      "version": "7.0.0",
      "resolved": "https://registry.npmjs.org/strip-ansi/-/strip-ansi-7.0.0.tgz",
      "integrity": "sha512-UhDTSnGF1dc0DRbUqr1aXwNoY3RgVkSWG8BrpnuFIxhP57IqbS7IRta2Gfiavds4yCxc5+fEAVVOgBZWnYkvzg==",
      "dependencies": {
        "ansi-regex": "^6.0.0"
      },
      "engines": {
        "node": ">=12"
      },
      "funding": {
        "url": "https://github.com/chalk/strip-ansi?sponsor=1"
      }
    },
    "node_modules/supports-color": {
      "version": "9.0.2",
      "resolved": "https://registry.npmjs.org/supports-color/-/supports-color-9.0.2.tgz",
      "integrity": "sha512-ii6tc8ImGFrgMPYq7RVAMKkhPo9vk8uA+D3oKbJq/3Pk2YSMv1+9dUAesa9UxMbxBTvxwKTQffBahNVNxEvM8Q==",
      "dependencies": {
        "has-flag": "^5.0.0"
      },
      "engines": {
        "node": ">=12"
      },
      "funding": {
        "url": "https://github.com/chalk/supports-color?sponsor=1"
      }
    },
    "node_modules/trough": {
      "version": "2.0.2",
      "resolved": "https://registry.npmjs.org/trough/-/trough-2.0.2.tgz",
      "integrity": "sha512-FnHq5sTMxC0sk957wHDzRnemFnNBvt/gSY99HzK8F7UP5WAbvP70yX5bd7CjEQkN+TjdxwI7g7lJ6podqrG2/w==",
      "funding": {
        "type": "github",
        "url": "https://github.com/sponsors/wooorm"
      }
    },
    "node_modules/unherit": {
      "version": "3.0.0",
      "resolved": "https://registry.npmjs.org/unherit/-/unherit-3.0.0.tgz",
      "integrity": "sha512-UmvIQZGEc9qdLIQ8mv8/61n6PiMgfbOoASPKHpCvII5srShCQSa6jSjBjlZOR4bxt2XnT6uo6csmPKRi+zQ0Jg==",
      "funding": {
        "type": "github",
        "url": "https://github.com/sponsors/wooorm"
      }
    },
    "node_modules/unified": {
      "version": "10.1.0",
      "resolved": "https://registry.npmjs.org/unified/-/unified-10.1.0.tgz",
      "integrity": "sha512-4U3ru/BRXYYhKbwXV6lU6bufLikoAavTwev89H5UxY8enDFaAT2VXmIXYNm6hb5oHPng/EXr77PVyDFcptbk5g==",
      "dependencies": {
        "@types/unist": "^2.0.0",
        "bail": "^2.0.0",
        "extend": "^3.0.0",
        "is-buffer": "^2.0.0",
        "is-plain-obj": "^4.0.0",
        "trough": "^2.0.0",
        "vfile": "^5.0.0"
      },
      "funding": {
        "type": "opencollective",
        "url": "https://opencollective.com/unified"
      }
    },
    "node_modules/unist-util-is": {
      "version": "5.1.1",
      "resolved": "https://registry.npmjs.org/unist-util-is/-/unist-util-is-5.1.1.tgz",
      "integrity": "sha512-F5CZ68eYzuSvJjGhCLPL3cYx45IxkqXSetCcRgUXtbcm50X2L9oOWQlfUfDdAf+6Pd27YDblBfdtmsThXmwpbQ==",
      "funding": {
        "type": "opencollective",
        "url": "https://opencollective.com/unified"
      }
    },
    "node_modules/unist-util-modify-children": {
      "version": "2.0.0",
      "resolved": "https://registry.npmjs.org/unist-util-modify-children/-/unist-util-modify-children-2.0.0.tgz",
      "integrity": "sha512-HGrj7JQo9DwZt8XFsX8UD4gGqOsIlCih9opG6Y+N11XqkBGKzHo8cvDi+MfQQgiZ7zXRUiQREYHhjOBHERTMdg==",
      "dependencies": {
        "array-iterate": "^1.0.0"
      },
      "funding": {
        "type": "opencollective",
        "url": "https://opencollective.com/unified"
      }
    },
    "node_modules/unist-util-stringify-position": {
      "version": "3.0.0",
      "resolved": "https://registry.npmjs.org/unist-util-stringify-position/-/unist-util-stringify-position-3.0.0.tgz",
      "integrity": "sha512-SdfAl8fsDclywZpfMDTVDxA2V7LjtRDTOFd44wUJamgl6OlVngsqWjxvermMYf60elWHbxhuRCZml7AnuXCaSA==",
      "dependencies": {
        "@types/unist": "^2.0.0"
      },
      "funding": {
        "type": "opencollective",
        "url": "https://opencollective.com/unified"
      }
    },
    "node_modules/unist-util-visit": {
      "version": "3.1.0",
      "resolved": "https://registry.npmjs.org/unist-util-visit/-/unist-util-visit-3.1.0.tgz",
      "integrity": "sha512-Szoh+R/Ll68QWAyQyZZpQzZQm2UPbxibDvaY8Xc9SUtYgPsDzx5AWSk++UUt2hJuow8mvwR+rG+LQLw+KsuAKA==",
      "dependencies": {
        "@types/unist": "^2.0.0",
        "unist-util-is": "^5.0.0",
        "unist-util-visit-parents": "^4.0.0"
      },
      "funding": {
        "type": "opencollective",
        "url": "https://opencollective.com/unified"
      }
    },
    "node_modules/unist-util-visit-children": {
      "version": "1.1.4",
      "resolved": "https://registry.npmjs.org/unist-util-visit-children/-/unist-util-visit-children-1.1.4.tgz",
      "integrity": "sha512-sA/nXwYRCQVRwZU2/tQWUqJ9JSFM1X3x7JIOsIgSzrFHcfVt6NkzDtKzyxg2cZWkCwGF9CO8x4QNZRJRMK8FeQ==",
      "funding": {
        "type": "opencollective",
        "url": "https://opencollective.com/unified"
      }
    },
    "node_modules/unist-util-visit-parents": {
      "version": "4.1.1",
      "resolved": "https://registry.npmjs.org/unist-util-visit-parents/-/unist-util-visit-parents-4.1.1.tgz",
      "integrity": "sha512-1xAFJXAKpnnJl8G7K5KgU7FY55y3GcLIXqkzUj5QF/QVP7biUm0K0O2oqVkYsdjzJKifYeWn9+o6piAK2hGSHw==",
      "dependencies": {
        "@types/unist": "^2.0.0",
        "unist-util-is": "^5.0.0"
      },
      "funding": {
        "type": "opencollective",
        "url": "https://opencollective.com/unified"
      }
    },
    "node_modules/vfile": {
      "version": "5.1.0",
      "resolved": "https://registry.npmjs.org/vfile/-/vfile-5.1.0.tgz",
      "integrity": "sha512-4o7/DJjEaFPYSh0ckv5kcYkJTHQgCKdL8ozMM1jLAxO9ox95IzveDPXCZp08HamdWq8JXTkClDvfAKaeLQeKtg==",
      "dependencies": {
        "@types/unist": "^2.0.0",
        "is-buffer": "^2.0.0",
        "unist-util-stringify-position": "^3.0.0",
        "vfile-message": "^3.0.0"
      },
      "funding": {
        "type": "opencollective",
        "url": "https://opencollective.com/unified"
      }
    },
    "node_modules/vfile-message": {
      "version": "3.0.2",
      "resolved": "https://registry.npmjs.org/vfile-message/-/vfile-message-3.0.2.tgz",
      "integrity": "sha512-UUjZYIOg9lDRwwiBAuezLIsu9KlXntdxwG+nXnjuQAHvBpcX3x0eN8h+I7TkY5nkCXj+cWVp4ZqebtGBvok8ww==",
      "dependencies": {
        "@types/unist": "^2.0.0",
        "unist-util-stringify-position": "^3.0.0"
      },
      "funding": {
        "type": "opencollective",
        "url": "https://opencollective.com/unified"
      }
    },
    "node_modules/vfile-reporter": {
      "version": "7.0.2",
      "resolved": "https://registry.npmjs.org/vfile-reporter/-/vfile-reporter-7.0.2.tgz",
      "integrity": "sha512-1bYxpyhl8vhAICiKR59vYyZHIOWsF7P1nV6xjaz3ZWAyOQDQhR4DjlOZo14+PiV9oLEWIrolvGHs0/2Bnaw5Vw==",
      "dependencies": {
        "@types/supports-color": "^8.0.0",
        "string-width": "^5.0.0",
        "supports-color": "^9.0.0",
        "unist-util-stringify-position": "^3.0.0",
        "vfile-sort": "^3.0.0",
        "vfile-statistics": "^2.0.0"
      },
      "funding": {
        "type": "opencollective",
        "url": "https://opencollective.com/unified"
      }
    },
    "node_modules/vfile-sort": {
      "version": "3.0.0",
      "resolved": "https://registry.npmjs.org/vfile-sort/-/vfile-sort-3.0.0.tgz",
      "integrity": "sha512-fJNctnuMi3l4ikTVcKpxTbzHeCgvDhnI44amA3NVDvA6rTC6oKCFpCVyT5n2fFMr3ebfr+WVQZedOCd73rzSxg==",
      "dependencies": {
        "vfile-message": "^3.0.0"
      },
      "funding": {
        "type": "opencollective",
        "url": "https://opencollective.com/unified"
      }
    },
    "node_modules/vfile-statistics": {
      "version": "2.0.0",
      "resolved": "https://registry.npmjs.org/vfile-statistics/-/vfile-statistics-2.0.0.tgz",
      "integrity": "sha512-foOWtcnJhKN9M2+20AOTlWi2dxNfAoeNIoxD5GXcO182UJyId4QrXa41fWrgcfV3FWTjdEDy3I4cpLVcQscIMA==",
      "dependencies": {
        "vfile-message": "^3.0.0"
      },
      "funding": {
        "type": "opencollective",
        "url": "https://opencollective.com/unified"
      }
    }
  },
  "dependencies": {
    "@types/supports-color": {
      "version": "8.1.1",
      "resolved": "https://registry.npmjs.org/@types/supports-color/-/supports-color-8.1.1.tgz",
      "integrity": "sha512-dPWnWsf+kzIG140B8z2w3fr5D03TLWbOAFQl45xUpI3vcizeXriNR5VYkWZ+WTMsUHqZ9Xlt3hrxGNANFyNQfw=="
    },
    "@types/unist": {
      "version": "2.0.6",
      "resolved": "https://registry.npmjs.org/@types/unist/-/unist-2.0.6.tgz",
      "integrity": "sha512-PBjIUxZHOuj0R15/xuwJYjFi+KZdNFrehocChv4g5hu6aFroHue8m0lBP0POdK2nKzbw0cgV1mws8+V/JAcEkQ=="
    },
    "ansi-regex": {
      "version": "6.0.0",
      "resolved": "https://registry.npmjs.org/ansi-regex/-/ansi-regex-6.0.0.tgz",
      "integrity": "sha512-tAaOSrWCHF+1Ear1Z4wnJCXA9GGox4K6Ic85a5qalES2aeEwQGr7UC93mwef49536PkCYjzkp0zIxfFvexJ6zQ=="
    },
    "array-iterate": {
      "version": "1.1.4",
      "resolved": "https://registry.npmjs.org/array-iterate/-/array-iterate-1.1.4.tgz",
      "integrity": "sha512-sNRaPGh9nnmdC8Zf+pT3UqP8rnWj5Hf9wiFGsX3wUQ2yVSIhO2ShFwCoceIPpB41QF6i2OEmrHmCo36xronCVA=="
    },
    "bail": {
      "version": "2.0.1",
      "resolved": "https://registry.npmjs.org/bail/-/bail-2.0.1.tgz",
      "integrity": "sha512-d5FoTAr2S5DSUPKl85WNm2yUwsINN8eidIdIwsOge2t33DaOfOdSmmsI11jMN3GmALCXaw+Y6HMVHDzePshFAA=="
    },
    "dictionary-en-gb": {
      "version": "2.3.0",
      "resolved": "https://registry.npmjs.org/dictionary-en-gb/-/dictionary-en-gb-2.3.0.tgz",
      "integrity": "sha512-P/J2VQp/hDsMTfJhmIYPUBxZqezWuDaUzSgb6oW7JLpUV2So9jCXbR5TaUYXwfO50ZXPYEzQqQHPQK3pKcs7Rg=="
    },
    "emoji-regex": {
      "version": "9.2.2",
      "resolved": "https://registry.npmjs.org/emoji-regex/-/emoji-regex-9.2.2.tgz",
      "integrity": "sha512-L18DaJsXSUk2+42pv8mLs5jJT2hqFkFE4j21wOmgbUqsZ2hL72NsUU785g9RXgo3s0ZNgVl42TiHp3ZtOv/Vyg=="
    },
    "extend": {
      "version": "3.0.2",
      "resolved": "https://registry.npmjs.org/extend/-/extend-3.0.2.tgz",
      "integrity": "sha512-fjquC59cD7CyW6urNXK0FBufkZcoiGG80wTuPujX590cB5Ttln20E2UB4S/WARVqhXffZl2LNgS+gQdPIIim/g=="
    },
    "has-flag": {
      "version": "5.0.1",
      "resolved": "https://registry.npmjs.org/has-flag/-/has-flag-5.0.1.tgz",
      "integrity": "sha512-CsNUt5x9LUdx6hnk/E2SZLsDyvfqANZSUq4+D3D8RzDJ2M+HDTIkF60ibS1vHaK55vzgiZw1bEPFG9yH7l33wA=="
    },
    "is-buffer": {
      "version": "2.0.5",
      "resolved": "https://registry.npmjs.org/is-buffer/-/is-buffer-2.0.5.tgz",
      "integrity": "sha512-i2R6zNFDwgEHJyQUtJEk0XFi1i0dPFn/oqjK3/vPCcDeJvW5NQ83V8QbicfF1SupOaB0h8ntgBC2YiE7dfyctQ=="
    },
    "is-fullwidth-code-point": {
      "version": "4.0.0",
      "resolved": "https://registry.npmjs.org/is-fullwidth-code-point/-/is-fullwidth-code-point-4.0.0.tgz",
      "integrity": "sha512-O4L094N2/dZ7xqVdrXhh9r1KODPJpFms8B5sGdJLPy664AgvXsreZUyCQQNItZRDlYug4xStLjNp/sz3HvBowQ=="
    },
    "is-plain-obj": {
      "version": "4.0.0",
      "resolved": "https://registry.npmjs.org/is-plain-obj/-/is-plain-obj-4.0.0.tgz",
      "integrity": "sha512-NXRbBtUdBioI73y/HmOhogw/U5msYPC9DAtGkJXeFcFWSFZw0mCUsPxk/snTuJHzNKA8kLBK4rH97RMB1BfCXw=="
    },
    "nlcst-is-literal": {
      "version": "2.0.0",
      "resolved": "https://registry.npmjs.org/nlcst-is-literal/-/nlcst-is-literal-2.0.0.tgz",
      "integrity": "sha512-VYONEPY4vaH80dHvzHv4GZpvwaz3HhhUaqv5x+/LFGt0w/JKHOhZECFBJ65ur4dQtVtDygypv9XGhMNQDOe37g==",
      "requires": {
        "@types/unist": "^2.0.0",
        "nlcst-to-string": "^3.0.0"
      }
    },
    "nlcst-to-string": {
      "version": "3.0.1",
      "resolved": "https://registry.npmjs.org/nlcst-to-string/-/nlcst-to-string-3.0.1.tgz",
      "integrity": "sha512-7b3GfJOnfRU8sN5W9QYwfQiw/4RY5cxH2h7qLfGqqLW+e3jmmgjmJlDjxsBjdp98p1Ai8ln0KhQ85QJyjXfJag==",
      "requires": {
        "@types/unist": "^2.0.0"
      }
    },
    "nspell": {
      "version": "2.1.5",
      "resolved": "https://registry.npmjs.org/nspell/-/nspell-2.1.5.tgz",
      "integrity": "sha512-PSStyugKMiD9mHmqI/CR5xXrSIGejUXPlo88FBRq5Og1kO5QwQ5Ilu8D8O5I/SHpoS+mibpw6uKA8rd3vXd2Sg==",
      "requires": {
        "is-buffer": "^2.0.0"
      }
    },
    "parse-latin": {
      "version": "5.0.0",
      "resolved": "https://registry.npmjs.org/parse-latin/-/parse-latin-5.0.0.tgz",
      "integrity": "sha512-Ht+4/+AUySMS5HKGAiQpBmkFsHSoGrj6Y83flLCa5OIBdtsVkO3UD4OtboJ0O0vZiOznH02x8qlwg9KLUVXuNg==",
      "requires": {
        "nlcst-to-string": "^2.0.0",
        "unist-util-modify-children": "^2.0.0",
        "unist-util-visit-children": "^1.0.0"
      },
      "dependencies": {
        "nlcst-to-string": {
          "version": "2.0.4",
          "resolved": "https://registry.npmjs.org/nlcst-to-string/-/nlcst-to-string-2.0.4.tgz",
          "integrity": "sha512-3x3jwTd6UPG7vi5k4GEzvxJ5rDA7hVUIRNHPblKuMVP9Z3xmlsd9cgLcpAMkc5uPOBna82EeshROFhsPkbnTZg=="
        }
      }
    },
    "quotation": {
      "version": "2.0.1",
      "resolved": "https://registry.npmjs.org/quotation/-/quotation-2.0.1.tgz",
      "integrity": "sha512-a+Z+GmpL5W1rJqmltBJmQhIvlnEuXvNUsPJYHXV6TmfDYZZga268utV1/0fr09ICz3dqlJmd+Etdlqxo9iuASQ=="
    },
    "readline": {
      "version": "1.3.0",
      "resolved": "https://registry.npmjs.org/readline/-/readline-1.3.0.tgz",
      "integrity": "sha1-xYDXfvLPyHUrEySYBg3JeTp6wBw="
    },
    "retext": {
      "version": "8.0.0",
      "resolved": "https://registry.npmjs.org/retext/-/retext-8.0.0.tgz",
      "integrity": "sha512-jmaNtmEtmuDC3KJxr1+/ubGuwv26SpeLnnfhyLBPu074HGKJ3UmDhLb22sWW+EYWCozrDAJ2D9dDZ6dEyrqIZA==",
      "requires": {
        "retext-latin": "^3.0.0",
        "retext-stringify": "^3.0.0",
        "unified": "^10.0.0"
      }
    },
    "retext-latin": {
      "version": "3.0.0",
      "resolved": "https://registry.npmjs.org/retext-latin/-/retext-latin-3.0.0.tgz",
      "integrity": "sha512-KGv4ZyDqWy/LMthDoks7FAoiuHn/3uRAZSfJRFrb9BvgAOlL1GF/JtAc0jc7ATABIEs6kamsd/vt0tjGK5ld3w==",
      "requires": {
        "parse-latin": "^5.0.0",
        "unherit": "^3.0.0",
        "unified": "^10.0.0"
      }
    },
    "retext-spell": {
      "version": "5.0.0",
      "resolved": "https://registry.npmjs.org/retext-spell/-/retext-spell-5.0.0.tgz",
      "integrity": "sha512-3bG+HbPdGn3W6pOrGrTK/L2LKdxwfXbvApVe6382SiW8sQSTa17P6F7EeSp90xH2UwwZq2tn/OJC/MRNODDmwA==",
      "requires": {
        "nlcst-is-literal": "^2.0.0",
        "nlcst-to-string": "^3.0.0",
        "nspell": "^2.0.0",
        "quotation": "^2.0.0",
        "unified": "^10.0.0",
        "unist-util-visit": "^3.0.0"
      }
    },
    "retext-stringify": {
      "version": "3.0.0",
      "resolved": "https://registry.npmjs.org/retext-stringify/-/retext-stringify-3.0.0.tgz",
      "integrity": "sha512-arEkCFZfQcTU0A3mdxa6gLVAB3HVeF7/198mXnSEdC1FH0cbnMLJF9QHZ3+9NctmWn4NLNckrjIWouj3iGP82g==",
      "requires": {
        "@types/unist": "^2.0.0",
        "nlcst-to-string": "^3.0.0",
        "unified": "^10.0.0"
      }
    },
    "string-width": {
      "version": "5.0.0",
      "resolved": "https://registry.npmjs.org/string-width/-/string-width-5.0.0.tgz",
      "integrity": "sha512-zwXcRmLUdiWhMPrHz6EXITuyTgcEnUqDzspTkCLhQovxywWz6NP9VHgqfVg20V/1mUg0B95AKbXxNT+ALRmqCw==",
      "requires": {
        "emoji-regex": "^9.2.2",
        "is-fullwidth-code-point": "^4.0.0",
        "strip-ansi": "^7.0.0"
      }
    },
    "strip-ansi": {
      "version": "7.0.0",
      "resolved": "https://registry.npmjs.org/strip-ansi/-/strip-ansi-7.0.0.tgz",
      "integrity": "sha512-UhDTSnGF1dc0DRbUqr1aXwNoY3RgVkSWG8BrpnuFIxhP57IqbS7IRta2Gfiavds4yCxc5+fEAVVOgBZWnYkvzg==",
      "requires": {
        "ansi-regex": "^6.0.0"
      }
    },
    "supports-color": {
      "version": "9.0.2",
      "resolved": "https://registry.npmjs.org/supports-color/-/supports-color-9.0.2.tgz",
      "integrity": "sha512-ii6tc8ImGFrgMPYq7RVAMKkhPo9vk8uA+D3oKbJq/3Pk2YSMv1+9dUAesa9UxMbxBTvxwKTQffBahNVNxEvM8Q==",
      "requires": {
        "has-flag": "^5.0.0"
      }
    },
    "trough": {
      "version": "2.0.2",
      "resolved": "https://registry.npmjs.org/trough/-/trough-2.0.2.tgz",
      "integrity": "sha512-FnHq5sTMxC0sk957wHDzRnemFnNBvt/gSY99HzK8F7UP5WAbvP70yX5bd7CjEQkN+TjdxwI7g7lJ6podqrG2/w=="
    },
    "unherit": {
      "version": "3.0.0",
      "resolved": "https://registry.npmjs.org/unherit/-/unherit-3.0.0.tgz",
      "integrity": "sha512-UmvIQZGEc9qdLIQ8mv8/61n6PiMgfbOoASPKHpCvII5srShCQSa6jSjBjlZOR4bxt2XnT6uo6csmPKRi+zQ0Jg=="
    },
    "unified": {
      "version": "10.1.0",
      "resolved": "https://registry.npmjs.org/unified/-/unified-10.1.0.tgz",
      "integrity": "sha512-4U3ru/BRXYYhKbwXV6lU6bufLikoAavTwev89H5UxY8enDFaAT2VXmIXYNm6hb5oHPng/EXr77PVyDFcptbk5g==",
      "requires": {
        "@types/unist": "^2.0.0",
        "bail": "^2.0.0",
        "extend": "^3.0.0",
        "is-buffer": "^2.0.0",
        "is-plain-obj": "^4.0.0",
        "trough": "^2.0.0",
        "vfile": "^5.0.0"
      }
    },
    "unist-util-is": {
      "version": "5.1.1",
      "resolved": "https://registry.npmjs.org/unist-util-is/-/unist-util-is-5.1.1.tgz",
      "integrity": "sha512-F5CZ68eYzuSvJjGhCLPL3cYx45IxkqXSetCcRgUXtbcm50X2L9oOWQlfUfDdAf+6Pd27YDblBfdtmsThXmwpbQ=="
    },
    "unist-util-modify-children": {
      "version": "2.0.0",
      "resolved": "https://registry.npmjs.org/unist-util-modify-children/-/unist-util-modify-children-2.0.0.tgz",
      "integrity": "sha512-HGrj7JQo9DwZt8XFsX8UD4gGqOsIlCih9opG6Y+N11XqkBGKzHo8cvDi+MfQQgiZ7zXRUiQREYHhjOBHERTMdg==",
      "requires": {
        "array-iterate": "^1.0.0"
      }
    },
    "unist-util-stringify-position": {
      "version": "3.0.0",
      "resolved": "https://registry.npmjs.org/unist-util-stringify-position/-/unist-util-stringify-position-3.0.0.tgz",
      "integrity": "sha512-SdfAl8fsDclywZpfMDTVDxA2V7LjtRDTOFd44wUJamgl6OlVngsqWjxvermMYf60elWHbxhuRCZml7AnuXCaSA==",
      "requires": {
        "@types/unist": "^2.0.0"
      }
    },
    "unist-util-visit": {
      "version": "3.1.0",
      "resolved": "https://registry.npmjs.org/unist-util-visit/-/unist-util-visit-3.1.0.tgz",
      "integrity": "sha512-Szoh+R/Ll68QWAyQyZZpQzZQm2UPbxibDvaY8Xc9SUtYgPsDzx5AWSk++UUt2hJuow8mvwR+rG+LQLw+KsuAKA==",
      "requires": {
        "@types/unist": "^2.0.0",
        "unist-util-is": "^5.0.0",
        "unist-util-visit-parents": "^4.0.0"
      }
    },
    "unist-util-visit-children": {
      "version": "1.1.4",
      "resolved": "https://registry.npmjs.org/unist-util-visit-children/-/unist-util-visit-children-1.1.4.tgz",
      "integrity": "sha512-sA/nXwYRCQVRwZU2/tQWUqJ9JSFM1X3x7JIOsIgSzrFHcfVt6NkzDtKzyxg2cZWkCwGF9CO8x4QNZRJRMK8FeQ=="
    },
    "unist-util-visit-parents": {
      "version": "4.1.1",
      "resolved": "https://registry.npmjs.org/unist-util-visit-parents/-/unist-util-visit-parents-4.1.1.tgz",
      "integrity": "sha512-1xAFJXAKpnnJl8G7K5KgU7FY55y3GcLIXqkzUj5QF/QVP7biUm0K0O2oqVkYsdjzJKifYeWn9+o6piAK2hGSHw==",
      "requires": {
        "@types/unist": "^2.0.0",
        "unist-util-is": "^5.0.0"
      }
    },
    "vfile": {
      "version": "5.1.0",
      "resolved": "https://registry.npmjs.org/vfile/-/vfile-5.1.0.tgz",
      "integrity": "sha512-4o7/DJjEaFPYSh0ckv5kcYkJTHQgCKdL8ozMM1jLAxO9ox95IzveDPXCZp08HamdWq8JXTkClDvfAKaeLQeKtg==",
      "requires": {
        "@types/unist": "^2.0.0",
        "is-buffer": "^2.0.0",
        "unist-util-stringify-position": "^3.0.0",
        "vfile-message": "^3.0.0"
      }
    },
    "vfile-message": {
      "version": "3.0.2",
      "resolved": "https://registry.npmjs.org/vfile-message/-/vfile-message-3.0.2.tgz",
      "integrity": "sha512-UUjZYIOg9lDRwwiBAuezLIsu9KlXntdxwG+nXnjuQAHvBpcX3x0eN8h+I7TkY5nkCXj+cWVp4ZqebtGBvok8ww==",
      "requires": {
        "@types/unist": "^2.0.0",
        "unist-util-stringify-position": "^3.0.0"
      }
    },
    "vfile-reporter": {
      "version": "7.0.2",
      "resolved": "https://registry.npmjs.org/vfile-reporter/-/vfile-reporter-7.0.2.tgz",
      "integrity": "sha512-1bYxpyhl8vhAICiKR59vYyZHIOWsF7P1nV6xjaz3ZWAyOQDQhR4DjlOZo14+PiV9oLEWIrolvGHs0/2Bnaw5Vw==",
      "requires": {
        "@types/supports-color": "^8.0.0",
        "string-width": "^5.0.0",
        "supports-color": "^9.0.0",
        "unist-util-stringify-position": "^3.0.0",
        "vfile-sort": "^3.0.0",
        "vfile-statistics": "^2.0.0"
      }
    },
    "vfile-sort": {
      "version": "3.0.0",
      "resolved": "https://registry.npmjs.org/vfile-sort/-/vfile-sort-3.0.0.tgz",
      "integrity": "sha512-fJNctnuMi3l4ikTVcKpxTbzHeCgvDhnI44amA3NVDvA6rTC6oKCFpCVyT5n2fFMr3ebfr+WVQZedOCd73rzSxg==",
      "requires": {
        "vfile-message": "^3.0.0"
      }
    },
    "vfile-statistics": {
      "version": "2.0.0",
      "resolved": "https://registry.npmjs.org/vfile-statistics/-/vfile-statistics-2.0.0.tgz",
      "integrity": "sha512-foOWtcnJhKN9M2+20AOTlWi2dxNfAoeNIoxD5GXcO182UJyId4QrXa41fWrgcfV3FWTjdEDy3I4cpLVcQscIMA==",
      "requires": {
        "vfile-message": "^3.0.0"
      }
    }
  }
}
